// !$*UTF8*$!
{
	archiveVersion = 1;
	classes = {
	};
	objectVersion = 50;
	objects = {

/* Begin PBXBuildFile section */
		1F1DAF6C224633DF00B3C1EE /* ViewController.swift in Sources */ = {isa = PBXBuildFile; fileRef = 1F1DAF6B224633DF00B3C1EE /* ViewController.swift */; };
		1F1DAF71224633E200B3C1EE /* Assets.xcassets in Resources */ = {isa = PBXBuildFile; fileRef = 1F1DAF70224633E200B3C1EE /* Assets.xcassets */; };
		1F1DAF74224633E200B3C1EE /* LaunchScreen.storyboard in Resources */ = {isa = PBXBuildFile; fileRef = 1F1DAF72224633E200B3C1EE /* LaunchScreen.storyboard */; };
		1F1DAF7D2246346F00B3C1EE /* BaseCell.swift in Sources */ = {isa = PBXBuildFile; fileRef = 1F1DAF7C2246346F00B3C1EE /* BaseCell.swift */; };
		1F1DAF7F2246349000B3C1EE /* ListArticles.swift in Sources */ = {isa = PBXBuildFile; fileRef = 1F1DAF7E2246349000B3C1EE /* ListArticles.swift */; };
		1F1DAF82224634CB00B3C1EE /* Model.swift in Sources */ = {isa = PBXBuildFile; fileRef = 1F1DAF81224634CB00B3C1EE /* Model.swift */; };
		1F1DAF85224634F700B3C1EE /* ApiService.swift in Sources */ = {isa = PBXBuildFile; fileRef = 1F1DAF84224634F700B3C1EE /* ApiService.swift */; };
		1F2F8C9D227E00DE00534F04 /* Extensions.swift in Sources */ = {isa = PBXBuildFile; fileRef = 1F2F8C9C227E00DE00534F04 /* Extensions.swift */; };
		1FF443AE227E02E0005C136D /* AppDelegate.swift in Sources */ = {isa = PBXBuildFile; fileRef = 1FF443AD227E02E0005C136D /* AppDelegate.swift */; };
		1FF443B0227E1982005C136D /* WebViewController.swift in Sources */ = {isa = PBXBuildFile; fileRef = 1FF443AF227E1982005C136D /* WebViewController.swift */; };
/* End PBXBuildFile section */

/* Begin PBXCopyFilesBuildPhase section */
		1F1DAF8B22463EA800B3C1EE /* Embed Frameworks */ = {
			isa = PBXCopyFilesBuildPhase;
			buildActionMask = 2147483647;
			dstPath = "";
			dstSubfolderSpec = 10;
			files = (
			);
			name = "Embed Frameworks";
			runOnlyForDeploymentPostprocessing = 0;
		};
/* End PBXCopyFilesBuildPhase section */

/* Begin PBXFileReference section */
		1F1DAF66224633DF00B3C1EE /* HackerNews.app */ = {isa = PBXFileReference; explicitFileType = wrapper.application; includeInIndex = 0; path = HackerNews.app; sourceTree = BUILT_PRODUCTS_DIR; };
		1F1DAF6B224633DF00B3C1EE /* ViewController.swift */ = {isa = PBXFileReference; lastKnownFileType = sourcecode.swift; path = ViewController.swift; sourceTree = "<group>"; };
		1F1DAF70224633E200B3C1EE /* Assets.xcassets */ = {isa = PBXFileReference; lastKnownFileType = folder.assetcatalog; path = Assets.xcassets; sourceTree = "<group>"; };
		1F1DAF73224633E200B3C1EE /* Base */ = {isa = PBXFileReference; lastKnownFileType = file.storyboard; name = Base; path = Base.lproj/LaunchScreen.storyboard; sourceTree = "<group>"; };
		1F1DAF75224633E200B3C1EE /* Info.plist */ = {isa = PBXFileReference; lastKnownFileType = text.plist.xml; path = Info.plist; sourceTree = "<group>"; };
		1F1DAF7C2246346F00B3C1EE /* BaseCell.swift */ = {isa = PBXFileReference; lastKnownFileType = sourcecode.swift; path = BaseCell.swift; sourceTree = "<group>"; };
		1F1DAF7E2246349000B3C1EE /* ListArticles.swift */ = {isa = PBXFileReference; lastKnownFileType = sourcecode.swift; path = ListArticles.swift; sourceTree = "<group>"; };
		1F1DAF81224634CB00B3C1EE /* Model.swift */ = {isa = PBXFileReference; lastKnownFileType = sourcecode.swift; path = Model.swift; sourceTree = "<group>"; };
		1F1DAF84224634F700B3C1EE /* ApiService.swift */ = {isa = PBXFileReference; lastKnownFileType = sourcecode.swift; path = ApiService.swift; sourceTree = "<group>"; };
		1F2F8C9C227E00DE00534F04 /* Extensions.swift */ = {isa = PBXFileReference; fileEncoding = 4; lastKnownFileType = sourcecode.swift; path = Extensions.swift; sourceTree = "<group>"; };
		1FF443AD227E02E0005C136D /* AppDelegate.swift */ = {isa = PBXFileReference; fileEncoding = 4; lastKnownFileType = sourcecode.swift; path = AppDelegate.swift; sourceTree = "<group>"; };
		1FF443AF227E1982005C136D /* WebViewController.swift */ = {isa = PBXFileReference; lastKnownFileType = sourcecode.swift; path = WebViewController.swift; sourceTree = "<group>"; };
/* End PBXFileReference section */

/* Begin PBXFrameworksBuildPhase section */
		1F1DAF63224633DF00B3C1EE /* Frameworks */ = {
			isa = PBXFrameworksBuildPhase;
			buildActionMask = 2147483647;
			files = (
			);
			runOnlyForDeploymentPostprocessing = 0;
		};
/* End PBXFrameworksBuildPhase section */

/* Begin PBXGroup section */
		1F1DAF5D224633DF00B3C1EE = {
			isa = PBXGroup;
			children = (
				1F1DAF68224633DF00B3C1EE /* HackerNews */,
				1F1DAF67224633DF00B3C1EE /* Products */,
				1F1DAF86224637ED00B3C1EE /* Frameworks */,
			);
			sourceTree = "<group>";
		};
		1F1DAF67224633DF00B3C1EE /* Products */ = {
			isa = PBXGroup;
			children = (
				1F1DAF66224633DF00B3C1EE /* HackerNews.app */,
			);
			name = Products;
			sourceTree = "<group>";
		};
		1F1DAF68224633DF00B3C1EE /* HackerNews */ = {
			isa = PBXGroup;
			children = (
				1F2F8C9B227E00B100534F04 /* AllExtensions */,
				1F1DAF83224634E500B3C1EE /* ApiService */,
				1F1DAF80224634A900B3C1EE /* Model */,
				1F1DAF7B2246344F00B3C1EE /* Controller */,
				1F1DAF70224633E200B3C1EE /* Assets.xcassets */,
				1F1DAF72224633E200B3C1EE /* LaunchScreen.storyboard */,
				1F1DAF75224633E200B3C1EE /* Info.plist */,
			);
			path = HackerNews;
			sourceTree = "<group>";
		};
		1F1DAF7B2246344F00B3C1EE /* Controller */ = {
			isa = PBXGroup;
			children = (
				1FF443AD227E02E0005C136D /* AppDelegate.swift */,
				1F1DAF6B224633DF00B3C1EE /* ViewController.swift */,
				1F1DAF7E2246349000B3C1EE /* ListArticles.swift */,
				1F1DAF7C2246346F00B3C1EE /* BaseCell.swift */,
				1FF443AF227E1982005C136D /* WebViewController.swift */,
			);
			path = Controller;
			sourceTree = "<group>";
		};
		1F1DAF80224634A900B3C1EE /* Model */ = {
			isa = PBXGroup;
			children = (
				1F1DAF81224634CB00B3C1EE /* Model.swift */,
			);
			path = Model;
			sourceTree = "<group>";
		};
		1F1DAF83224634E500B3C1EE /* ApiService */ = {
			isa = PBXGroup;
			children = (
				1F1DAF84224634F700B3C1EE /* ApiService.swift */,
			);
			path = ApiService;
			sourceTree = "<group>";
		};
		1F1DAF86224637ED00B3C1EE /* Frameworks */ = {
			isa = PBXGroup;
			children = (
			);
			name = Frameworks;
			sourceTree = "<group>";
		};
		1F2F8C9B227E00B100534F04 /* AllExtensions */ = {
			isa = PBXGroup;
			children = (
				1F2F8C9C227E00DE00534F04 /* Extensions.swift */,
			);
			path = AllExtensions;
			sourceTree = "<group>";
		};
/* End PBXGroup section */

/* Begin PBXNativeTarget section */
		1F1DAF65224633DF00B3C1EE /* HackerNews */ = {
			isa = PBXNativeTarget;
			buildConfigurationList = 1F1DAF78224633E200B3C1EE /* Build configuration list for PBXNativeTarget "HackerNews" */;
			buildPhases = (
				1F1DAF62224633DF00B3C1EE /* Sources */,
				1F1DAF63224633DF00B3C1EE /* Frameworks */,
				1F1DAF64224633DF00B3C1EE /* Resources */,
				1F1DAF8B22463EA800B3C1EE /* Embed Frameworks */,
			);
			buildRules = (
			);
			dependencies = (
			);
			name = HackerNews;
			productName = HackerNews;
			productReference = 1F1DAF66224633DF00B3C1EE /* HackerNews.app */;
			productType = "com.apple.product-type.application";
		};
/* End PBXNativeTarget section */

/* Begin PBXProject section */
		1F1DAF5E224633DF00B3C1EE /* Project object */ = {
			isa = PBXProject;
			attributes = {
				LastSwiftUpdateCheck = 1010;
				LastUpgradeCheck = 1010;
				ORGANIZATIONNAME = "Sandeep Singh Bansal";
				TargetAttributes = {
					1F1DAF65224633DF00B3C1EE = {
						CreatedOnToolsVersion = 10.1;
						LastSwiftMigration = 1020;
					};
				};
			};
			buildConfigurationList = 1F1DAF61224633DF00B3C1EE /* Build configuration list for PBXProject "HackerNews" */;
			compatibilityVersion = "Xcode 9.3";
			developmentRegion = en;
			hasScannedForEncodings = 0;
			knownRegions = (
				en,
				Base,
			);
			mainGroup = 1F1DAF5D224633DF00B3C1EE;
			productRefGroup = 1F1DAF67224633DF00B3C1EE /* Products */;
			projectDirPath = "";
			projectRoot = "";
			targets = (
				1F1DAF65224633DF00B3C1EE /* HackerNews */,
			);
		};
/* End PBXProject section */

/* Begin PBXResourcesBuildPhase section */
		1F1DAF64224633DF00B3C1EE /* Resources */ = {
			isa = PBXResourcesBuildPhase;
			buildActionMask = 2147483647;
			files = (
				1F1DAF74224633E200B3C1EE /* LaunchScreen.storyboard in Resources */,
				1F1DAF71224633E200B3C1EE /* Assets.xcassets in Resources */,
			);
			runOnlyForDeploymentPostprocessing = 0;
		};
/* End PBXResourcesBuildPhase section */

/* Begin PBXSourcesBuildPhase section */
		1F1DAF62224633DF00B3C1EE /* Sources */ = {
			isa = PBXSourcesBuildPhase;
			buildActionMask = 2147483647;
			files = (
				1FF443AE227E02E0005C136D /* AppDelegate.swift in Sources */,
				1F1DAF82224634CB00B3C1EE /* Model.swift in Sources */,
				1F1DAF7F2246349000B3C1EE /* ListArticles.swift in Sources */,
				1F1DAF85224634F700B3C1EE /* ApiService.swift in Sources */,
				1F2F8C9D227E00DE00534F04 /* Extensions.swift in Sources */,
				1F1DAF6C224633DF00B3C1EE /* ViewController.swift in Sources */,
				1F1DAF7D2246346F00B3C1EE /* BaseCell.swift in Sources */,
				1FF443B0227E1982005C136D /* WebViewController.swift in Sources */,
			);
			runOnlyForDeploymentPostprocessing = 0;
		};
/* End PBXSourcesBuildPhase section */

/* Begin PBXVariantGroup section */
		1F1DAF72224633E200B3C1EE /* LaunchScreen.storyboard */ = {
			isa = PBXVariantGroup;
			children = (
				1F1DAF73224633E200B3C1EE /* Base */,
			);
			name = LaunchScreen.storyboard;
			sourceTree = "<group>";
		};
/* End PBXVariantGroup section */

/* Begin XCBuildConfiguration section */
		1F1DAF76224633E200B3C1EE /* Debug */ = {
			isa = XCBuildConfiguration;
			buildSettings = {
				ALWAYS_SEARCH_USER_PATHS = NO;
				CLANG_ANALYZER_NONNULL = YES;
				CLANG_ANALYZER_NUMBER_OBJECT_CONVERSION = YES_AGGRESSIVE;
				CLANG_CXX_LANGUAGE_STANDARD = "gnu++14";
				CLANG_CXX_LIBRARY = "libc++";
				CLANG_ENABLE_MODULES = YES;
				CLANG_ENABLE_OBJC_ARC = YES;
				CLANG_ENABLE_OBJC_WEAK = YES;
				CLANG_WARN_BLOCK_CAPTURE_AUTORELEASING = YES;
				CLANG_WARN_BOOL_CONVERSION = YES;
				CLANG_WARN_COMMA = YES;
				CLANG_WARN_CONSTANT_CONVERSION = YES;
				CLANG_WARN_DEPRECATED_OBJC_IMPLEMENTATIONS = YES;
				CLANG_WARN_DIRECT_OBJC_ISA_USAGE = YES_ERROR;
				CLANG_WARN_DOCUMENTATION_COMMENTS = YES;
				CLANG_WARN_EMPTY_BODY = YES;
				CLANG_WARN_ENUM_CONVERSION = YES;
				CLANG_WARN_INFINITE_RECURSION = YES;
				CLANG_WARN_INT_CONVERSION = YES;
				CLANG_WARN_NON_LITERAL_NULL_CONVERSION = YES;
				CLANG_WARN_OBJC_IMPLICIT_RETAIN_SELF = YES;
				CLANG_WARN_OBJC_LITERAL_CONVERSION = YES;
				CLANG_WARN_OBJC_ROOT_CLASS = YES_ERROR;
				CLANG_WARN_RANGE_LOOP_ANALYSIS = YES;
				CLANG_WARN_STRICT_PROTOTYPES = YES;
				CLANG_WARN_SUSPICIOUS_MOVE = YES;
				CLANG_WARN_UNGUARDED_AVAILABILITY = YES_AGGRESSIVE;
				CLANG_WARN_UNREACHABLE_CODE = YES;
				CLANG_WARN__DUPLICATE_METHOD_MATCH = YES;
				CODE_SIGN_IDENTITY = "iPhone Developer";
				COPY_PHASE_STRIP = NO;
				DEBUG_INFORMATION_FORMAT = dwarf;
				ENABLE_STRICT_OBJC_MSGSEND = YES;
				ENABLE_TESTABILITY = YES;
				GCC_C_LANGUAGE_STANDARD = gnu11;
				GCC_DYNAMIC_NO_PIC = NO;
				GCC_NO_COMMON_BLOCKS = YES;
				GCC_OPTIMIZATION_LEVEL = 0;
				GCC_PREPROCESSOR_DEFINITIONS = (
					"DEBUG=1",
					"$(inherited)",
				);
				GCC_WARN_64_TO_32_BIT_CONVERSION = YES;
				GCC_WARN_ABOUT_RETURN_TYPE = YES_ERROR;
				GCC_WARN_UNDECLARED_SELECTOR = YES;
				GCC_WARN_UNINITIALIZED_AUTOS = YES_AGGRESSIVE;
				GCC_WARN_UNUSED_FUNCTION = YES;
				GCC_WARN_UNUSED_VARIABLE = YES;
				IPHONEOS_DEPLOYMENT_TARGET = 12.1;
				MTL_ENABLE_DEBUG_INFO = INCLUDE_SOURCE;
				MTL_FAST_MATH = YES;
				ONLY_ACTIVE_ARCH = YES;
				SDKROOT = iphoneos;
				SWIFT_ACTIVE_COMPILATION_CONDITIONS = DEBUG;
				SWIFT_OPTIMIZATION_LEVEL = "-Onone";
			};
			name = Debug;
		};
		1F1DAF77224633E200B3C1EE /* Release */ = {
			isa = XCBuildConfiguration;
			buildSettings = {
				ALWAYS_SEARCH_USER_PATHS = NO;
				CLANG_ANALYZER_NONNULL = YES;
				CLANG_ANALYZER_NUMBER_OBJECT_CONVERSION = YES_AGGRESSIVE;
				CLANG_CXX_LANGUAGE_STANDARD = "gnu++14";
				CLANG_CXX_LIBRARY = "libc++";
				CLANG_ENABLE_MODULES = YES;
				CLANG_ENABLE_OBJC_ARC = YES;
				CLANG_ENABLE_OBJC_WEAK = YES;
				CLANG_WARN_BLOCK_CAPTURE_AUTORELEASING = YES;
				CLANG_WARN_BOOL_CONVERSION = YES;
				CLANG_WARN_COMMA = YES;
				CLANG_WARN_CONSTANT_CONVERSION = YES;
				CLANG_WARN_DEPRECATED_OBJC_IMPLEMENTATIONS = YES;
				CLANG_WARN_DIRECT_OBJC_ISA_USAGE = YES_ERROR;
				CLANG_WARN_DOCUMENTATION_COMMENTS = YES;
				CLANG_WARN_EMPTY_BODY = YES;
				CLANG_WARN_ENUM_CONVERSION = YES;
				CLANG_WARN_INFINITE_RECURSION = YES;
				CLANG_WARN_INT_CONVERSION = YES;
				CLANG_WARN_NON_LITERAL_NULL_CONVERSION = YES;
				CLANG_WARN_OBJC_IMPLICIT_RETAIN_SELF = YES;
				CLANG_WARN_OBJC_LITERAL_CONVERSION = YES;
				CLANG_WARN_OBJC_ROOT_CLASS = YES_ERROR;
				CLANG_WARN_RANGE_LOOP_ANALYSIS = YES;
				CLANG_WARN_STRICT_PROTOTYPES = YES;
				CLANG_WARN_SUSPICIOUS_MOVE = YES;
				CLANG_WARN_UNGUARDED_AVAILABILITY = YES_AGGRESSIVE;
				CLANG_WARN_UNREACHABLE_CODE = YES;
				CLANG_WARN__DUPLICATE_METHOD_MATCH = YES;
				CODE_SIGN_IDENTITY = "iPhone Developer";
				COPY_PHASE_STRIP = NO;
				DEBUG_INFORMATION_FORMAT = "dwarf-with-dsym";
				ENABLE_NS_ASSERTIONS = NO;
				ENABLE_STRICT_OBJC_MSGSEND = YES;
				GCC_C_LANGUAGE_STANDARD = gnu11;
				GCC_NO_COMMON_BLOCKS = YES;
				GCC_WARN_64_TO_32_BIT_CONVERSION = YES;
				GCC_WARN_ABOUT_RETURN_TYPE = YES_ERROR;
				GCC_WARN_UNDECLARED_SELECTOR = YES;
				GCC_WARN_UNINITIALIZED_AUTOS = YES_AGGRESSIVE;
				GCC_WARN_UNUSED_FUNCTION = YES;
				GCC_WARN_UNUSED_VARIABLE = YES;
				IPHONEOS_DEPLOYMENT_TARGET = 12.1;
				MTL_ENABLE_DEBUG_INFO = NO;
				MTL_FAST_MATH = YES;
				SDKROOT = iphoneos;
				SWIFT_COMPILATION_MODE = wholemodule;
				SWIFT_OPTIMIZATION_LEVEL = "-O";
				VALIDATE_PRODUCT = YES;
			};
			name = Release;
		};
		1F1DAF79224633E200B3C1EE /* Debug */ = {
			isa = XCBuildConfiguration;
			buildSettings = {
				ASSETCATALOG_COMPILER_APPICON_NAME = AppIcon;
				CODE_SIGN_STYLE = Automatic;
				DEVELOPMENT_TEAM = 78ETDP4G36;
				FRAMEWORK_SEARCH_PATHS = (
					"$(inherited)",
					"$(PROJECT_DIR)/Carthage/Build/iOS",
				);
				INFOPLIST_FILE = HackerNews/Info.plist;
				LD_RUNPATH_SEARCH_PATHS = (
					"$(inherited)",
					"@executable_path/Frameworks",
				);
				PRODUCT_BUNDLE_IDENTIFIER = com.sandeep.HackerNews;
				PRODUCT_NAME = "$(TARGET_NAME)";
				SWIFT_VERSION = 5.0;
				TARGETED_DEVICE_FAMILY = 1;
			};
			name = Debug;
		};
		1F1DAF7A224633E200B3C1EE /* Release */ = {
			isa = XCBuildConfiguration;
			buildSettings = {
				ASSETCATALOG_COMPILER_APPICON_NAME = AppIcon;
				CODE_SIGN_STYLE = Automatic;
				DEVELOPMENT_TEAM = 78ETDP4G36;
				FRAMEWORK_SEARCH_PATHS = (
					"$(inherited)",
					"$(PROJECT_DIR)/Carthage/Build/iOS",
				);
				INFOPLIST_FILE = HackerNews/Info.plist;
				LD_RUNPATH_SEARCH_PATHS = (
					"$(inherited)",
					"@executable_path/Frameworks",
				);
				PRODUCT_BUNDLE_IDENTIFIER = com.sandeep.HackerNews;
				PRODUCT_NAME = "$(TARGET_NAME)";
				SWIFT_VERSION = 5.0;
				TARGETED_DEVICE_FAMILY = 1;
			};
			name = Release;
		};
/* End XCBuildConfiguration section */

/* Begin XCConfigurationList section */
		1F1DAF61224633DF00B3C1EE /* Build configuration list for PBXProject "HackerNews" */ = {
			isa = XCConfigurationList;
			buildConfigurations = (
				1F1DAF76224633E200B3C1EE /* Debug */,
				1F1DAF77224633E200B3C1EE /* Release */,
			);
			defaultConfigurationIsVisible = 0;
			defaultConfigurationName = Release;
		};
		1F1DAF78224633E200B3C1EE /* Build configuration list for PBXNativeTarget "HackerNews" */ = {
			isa = XCConfigurationList;
			buildConfigurations = (
				1F1DAF79224633E200B3C1EE /* Debug */,
				1F1DAF7A224633E200B3C1EE /* Release */,
			);
			defaultConfigurationIsVisible = 0;
			defaultConfigurationName = Release;
		};
/* End XCConfigurationList section */
	};
	rootObject = 1F1DAF5E224633DF00B3C1EE /* Project object */;
}
